
Microsoft Visual Studio Solution File, Format Version 12.00
# Visual Studio 2013
VisualStudioVersion = 12.0.31101.0
MinimumVisualStudioVersion = 10.0.40219.1
Project("{FAE04EC0-301F-11D3-BF4B-00C04F79EFBC}") = "EPPlusEnumerable", "EPPlusEnumerable\EPPlusEnumerable.csproj", "{5F028056-DFEF-4BBC-B97A-A0F798A2D04E}"
EndProject
Project("{2150E333-8FDC-42A3-9474-1A3956D46DE8}") = ".nuget", ".nuget", "{6B03B0CA-D532-4499-8E43-037AD9C62204}"
	ProjectSection(SolutionItems) = preProject
		.nuget\NuGet.Config = .nuget\NuGet.Config
		.nuget\NuGet.exe = .nuget\NuGet.exe
		.nuget\NuGet.targets = .nuget\NuGet.targets
	EndProjectSection
EndProject
Project("{2150E333-8FDC-42A3-9474-1A3956D46DE8}") = "Solution Items", "Solution Items", "{244D2533-BAC4-4F22-9C24-713F7A7AEDDB}"
	ProjectSection(SolutionItems) = preProject
		.gitattributes = .gitattributes
		.gitignore = .gitignore
		LICENSE = LICENSE
		links.png = links.png
		output.png = output.png
		README.md = README.md
	EndProjectSection
EndProject
Project("{FAE04EC0-301F-11D3-BF4B-00C04F79EFBC}") = "SampleConsoleApp", "SampleConsoleApp\SampleConsoleApp.csproj", "{CCEFFB30-1600-46FF-B6B7-366BEE40BBFE}"
EndProject
Global
	GlobalSection(SolutionConfigurationPlatforms) = preSolution
		Debug|Any CPU = Debug|Any CPU
		Release|Any CPU = Release|Any CPU
	EndGlobalSection
	GlobalSection(ProjectConfigurationPlatforms) = postSolution
		{5F028056-DFEF-4BBC-B97A-A0F798A2D04E}.Debug|Any CPU.ActiveCfg = Debug|Any CPU
		{5F028056-DFEF-4BBC-B97A-A0F798A2D04E}.Debug|Any CPU.Build.0 = Debug|Any CPU
		{5F028056-DFEF-4BBC-B97A-A0F798A2D04E}.Release|Any CPU.ActiveCfg = Release|Any CPU
		{5F028056-DFEF-4BBC-B97A-A0F798A2D04E}.Release|Any CPU.Build.0 = Release|Any CPU
		{CCEFFB30-1600-46FF-B6B7-366BEE40BBFE}.Debug|Any CPU.ActiveCfg = Debug|Any CPU
		{CCEFFB30-1600-46FF-B6B7-366BEE40BBFE}.Debug|Any CPU.Build.0 = Debug|Any CPU
		{CCEFFB30-1600-46FF-B6B7-366BEE40BBFE}.Release|Any CPU.ActiveCfg = Release|Any CPU
		{CCEFFB30-1600-46FF-B6B7-366BEE40BBFE}.Release|Any CPU.Build.0 = Release|Any CPU
	EndGlobalSection
	GlobalSection(SolutionProperties) = preSolution
		HideSolutionNode = FALSE
	EndGlobalSection
EndGlobal
